// !$*UTF8*$!
{
	archiveVersion = 1;
	classes = {
	};
	objectVersion = 56;
	objects = {

/* Begin PBXBuildFile section */
		8837DAA92A402D2C000D9F4D /* SentimentAnalysisModel.mlmodel in Sources */ = {isa = PBXBuildFile; fileRef = 8837DAA82A402D2C000D9F4D /* SentimentAnalysisModel.mlmodel */; };
		8837DAAB2A403B30000D9F4D /* SentimentAnalysisModel.mlproj in Resources */ = {isa = PBXBuildFile; fileRef = 8837DAAA2A403B30000D9F4D /* SentimentAnalysisModel.mlproj */; };
		888A651D2A4209F1001B7D1F /* UIApplication.swift in Sources */ = {isa = PBXBuildFile; fileRef = 888A651C2A4209F1001B7D1F /* UIApplication.swift */; };
		889946002A0F583100D285D4 /* SentimentAnalysisApp.swift in Sources */ = {isa = PBXBuildFile; fileRef = 889945FF2A0F583100D285D4 /* SentimentAnalysisApp.swift */; };
		889946022A0F583100D285D4 /* ContentView.swift in Sources */ = {isa = PBXBuildFile; fileRef = 889946012A0F583100D285D4 /* ContentView.swift */; };
		889946042A0F583200D285D4 /* Assets.xcassets in Resources */ = {isa = PBXBuildFile; fileRef = 889946032A0F583200D285D4 /* Assets.xcassets */; };
		889946072A0F583200D285D4 /* Preview Assets.xcassets in Resources */ = {isa = PBXBuildFile; fileRef = 889946062A0F583200D285D4 /* Preview Assets.xcassets */; };
		889946102A0F5C1F00D285D4 /* SentimentModel.swift in Sources */ = {isa = PBXBuildFile; fileRef = 8899460F2A0F5C1F00D285D4 /* SentimentModel.swift */; };
/* End PBXBuildFile section */

/* Begin PBXFileReference section */
		8837DAA82A402D2C000D9F4D /* SentimentAnalysisModel.mlmodel */ = {isa = PBXFileReference; lastKnownFileType = file.mlmodel; path = SentimentAnalysisModel.mlmodel; sourceTree = "<group>"; };
		8837DAAA2A403B30000D9F4D /* SentimentAnalysisModel.mlproj */ = {isa = PBXFileReference; lastKnownFileType = wrapper; path = SentimentAnalysisModel.mlproj; sourceTree = "<group>"; };
		888A651C2A4209F1001B7D1F /* UIApplication.swift */ = {isa = PBXFileReference; lastKnownFileType = sourcecode.swift; path = UIApplication.swift; sourceTree = "<group>"; };
		889945FC2A0F583100D285D4 /* SentimentAnalysis.app */ = {isa = PBXFileReference; explicitFileType = wrapper.application; includeInIndex = 0; path = SentimentAnalysis.app; sourceTree = BUILT_PRODUCTS_DIR; };
		889945FF2A0F583100D285D4 /* SentimentAnalysisApp.swift */ = {isa = PBXFileReference; lastKnownFileType = sourcecode.swift; path = SentimentAnalysisApp.swift; sourceTree = "<group>"; };
		889946012A0F583100D285D4 /* ContentView.swift */ = {isa = PBXFileReference; lastKnownFileType = sourcecode.swift; path = ContentView.swift; sourceTree = "<group>"; };
		889946032A0F583200D285D4 /* Assets.xcassets */ = {isa = PBXFileReference; lastKnownFileType = folder.assetcatalog; path = Assets.xcassets; sourceTree = "<group>"; };
		889946062A0F583200D285D4 /* Preview Assets.xcassets */ = {isa = PBXFileReference; lastKnownFileType = folder.assetcatalog; path = "Preview Assets.xcassets"; sourceTree = "<group>"; };
		8899460F2A0F5C1F00D285D4 /* SentimentModel.swift */ = {isa = PBXFileReference; lastKnownFileType = sourcecode.swift; path = SentimentModel.swift; sourceTree = "<group>"; };
/* End PBXFileReference section */

/* Begin PBXFrameworksBuildPhase section */
		889945F92A0F583100D285D4 /* Frameworks */ = {
			isa = PBXFrameworksBuildPhase;
			buildActionMask = 2147483647;
			files = (
			);
			runOnlyForDeploymentPostprocessing = 0;
		};
/* End PBXFrameworksBuildPhase section */

/* Begin PBXGroup section */
		888A651E2A420A3D001B7D1F /* App */ = {
			isa = PBXGroup;
			children = (
				889945FF2A0F583100D285D4 /* SentimentAnalysisApp.swift */,
			);
			path = App;
			sourceTree = "<group>";
		};
		888A651F2A420A47001B7D1F /* Model */ = {
			isa = PBXGroup;
			children = (
				8899460F2A0F5C1F00D285D4 /* SentimentModel.swift */,
			);
			path = Model;
			sourceTree = "<group>";
		};
		888A65202A420A57001B7D1F /* Extension */ = {
			isa = PBXGroup;
			children = (
				888A651C2A4209F1001B7D1F /* UIApplication.swift */,
			);
			path = Extension;
			sourceTree = "<group>";
		};
		888A65212A420A71001B7D1F /* View */ = {
			isa = PBXGroup;
			children = (
				889946012A0F583100D285D4 /* ContentView.swift */,
			);
			path = View;
			sourceTree = "<group>";
		};
		889945F32A0F583100D285D4 = {
			isa = PBXGroup;
			children = (
				889945FE2A0F583100D285D4 /* SentimentAnalysis */,
				889945FD2A0F583100D285D4 /* Products */,
			);
			sourceTree = "<group>";
		};
		889945FD2A0F583100D285D4 /* Products */ = {
			isa = PBXGroup;
			children = (
				889945FC2A0F583100D285D4 /* SentimentAnalysis.app */,
			);
			name = Products;
			sourceTree = "<group>";
		};
		889945FE2A0F583100D285D4 /* SentimentAnalysis */ = {
			isa = PBXGroup;
			children = (
				888A651E2A420A3D001B7D1F /* App */,
				888A651F2A420A47001B7D1F /* Model */,
				888A65212A420A71001B7D1F /* View */,
				888A65202A420A57001B7D1F /* Extension */,
				889946052A0F583200D285D4 /* Preview Content */,
				8837DAAA2A403B30000D9F4D /* SentimentAnalysisModel.mlproj */,
				8837DAA82A402D2C000D9F4D /* SentimentAnalysisModel.mlmodel */,
				889946032A0F583200D285D4 /* Assets.xcassets */,
			);
			path = SentimentAnalysis;
			sourceTree = "<group>";
		};
		889946052A0F583200D285D4 /* Preview Content */ = {
			isa = PBXGroup;
			children = (
				889946062A0F583200D285D4 /* Preview Assets.xcassets */,
			);
			path = "Preview Content";
			sourceTree = "<group>";
		};
/* End PBXGroup section */

/* Begin PBXNativeTarget section */
		889945FB2A0F583100D285D4 /* SentimentAnalysis */ = {
			isa = PBXNativeTarget;
			buildConfigurationList = 8899460A2A0F583200D285D4 /* Build configuration list for PBXNativeTarget "SentimentAnalysis" */;
			buildPhases = (
				889945F82A0F583100D285D4 /* Sources */,
				889945F92A0F583100D285D4 /* Frameworks */,
				889945FA2A0F583100D285D4 /* Resources */,
			);
			buildRules = (
			);
			dependencies = (
			);
			name = SentimentAnalysis;
			productName = SentimentAnalysis;
			productReference = 889945FC2A0F583100D285D4 /* SentimentAnalysis.app */;
			productType = "com.apple.product-type.application";
		};
/* End PBXNativeTarget section */

/* Begin PBXProject section */
		889945F42A0F583100D285D4 /* Project object */ = {
			isa = PBXProject;
			attributes = {
				BuildIndependentTargetsInParallel = 1;
				LastSwiftUpdateCheck = 1430;
				LastUpgradeCheck = 1430;
				TargetAttributes = {
					889945FB2A0F583100D285D4 = {
						CreatedOnToolsVersion = 14.3;
					};
				};
			};
			buildConfigurationList = 889945F72A0F583100D285D4 /* Build configuration list for PBXProject "SentimentAnalysis" */;
			compatibilityVersion = "Xcode 14.0";
			developmentRegion = en;
			hasScannedForEncodings = 0;
			knownRegions = (
				en,
				Base,
			);
			mainGroup = 889945F32A0F583100D285D4;
			productRefGroup = 889945FD2A0F583100D285D4 /* Products */;
			projectDirPath = "";
			projectRoot = "";
			targets = (
				889945FB2A0F583100D285D4 /* SentimentAnalysis */,
			);
		};
/* End PBXProject section */

/* Begin PBXResourcesBuildPhase section */
		889945FA2A0F583100D285D4 /* Resources */ = {
			isa = PBXResourcesBuildPhase;
			buildActionMask = 2147483647;
			files = (
				8837DAAB2A403B30000D9F4D /* SentimentAnalysisModel.mlproj in Resources */,
				889946072A0F583200D285D4 /* Preview Assets.xcassets in Resources */,
				889946042A0F583200D285D4 /* Assets.xcassets in Resources */,
			);
			runOnlyForDeploymentPostprocessing = 0;
		};
/* End PBXResourcesBuildPhase section */

/* Begin PBXSourcesBuildPhase section */
		889945F82A0F583100D285D4 /* Sources */ = {
			isa = PBXSourcesBuildPhase;
			buildActionMask = 2147483647;
			files = (
				889946102A0F5C1F00D285D4 /* SentimentModel.swift in Sources */,
				889946022A0F583100D285D4 /* ContentView.swift in Sources */,
				8837DAA92A402D2C000D9F4D /* SentimentAnalysisModel.mlmodel in Sources */,
				888A651D2A4209F1001B7D1F /* UIApplication.swift in Sources */,
				889946002A0F583100D285D4 /* SentimentAnalysisApp.swift in Sources */,
			);
			runOnlyForDeploymentPostprocessing = 0;
		};
/* End PBXSourcesBuildPhase section */

/* Begin XCBuildConfiguration section */
		889946082A0F583200D285D4 /* Debug */ = {
			isa = XCBuildConfiguration;
			buildSettings = {
				ALWAYS_SEARCH_USER_PATHS = NO;
				CLANG_ANALYZER_NONNULL = YES;
				CLANG_ANALYZER_NUMBER_OBJECT_CONVERSION = YES_AGGRESSIVE;
				CLANG_CXX_LANGUAGE_STANDARD = "gnu++20";
				CLANG_ENABLE_MODULES = YES;
				CLANG_ENABLE_OBJC_ARC = YES;
				CLANG_ENABLE_OBJC_WEAK = YES;
				CLANG_WARN_BLOCK_CAPTURE_AUTORELEASING = YES;
				CLANG_WARN_BOOL_CONVERSION = YES;
				CLANG_WARN_COMMA = YES;
				CLANG_WARN_CONSTANT_CONVERSION = YES;
				CLANG_WARN_DEPRECATED_OBJC_IMPLEMENTATIONS = YES;
				CLANG_WARN_DIRECT_OBJC_ISA_USAGE = YES_ERROR;
				CLANG_WARN_DOCUMENTATION_COMMENTS = YES;
				CLANG_WARN_EMPTY_BODY = YES;
				CLANG_WARN_ENUM_CONVERSION = YES;
				CLANG_WARN_INFINITE_RECURSION = YES;
				CLANG_WARN_INT_CONVERSION = YES;
				CLANG_WARN_NON_LITERAL_NULL_CONVERSION = YES;
				CLANG_WARN_OBJC_IMPLICIT_RETAIN_SELF = YES;
				CLANG_WARN_OBJC_LITERAL_CONVERSION = YES;
				CLANG_WARN_OBJC_ROOT_CLASS = YES_ERROR;
				CLANG_WARN_QUOTED_INCLUDE_IN_FRAMEWORK_HEADER = YES;
				CLANG_WARN_RANGE_LOOP_ANALYSIS = YES;
				CLANG_WARN_STRICT_PROTOTYPES = YES;
				CLANG_WARN_SUSPICIOUS_MOVE = YES;
				CLANG_WARN_UNGUARDED_AVAILABILITY = YES_AGGRESSIVE;
				CLANG_WARN_UNREACHABLE_CODE = YES;
				CLANG_WARN__DUPLICATE_METHOD_MATCH = YES;
				COPY_PHASE_STRIP = NO;
				DEBUG_INFORMATION_FORMAT = dwarf;
				ENABLE_STRICT_OBJC_MSGSEND = YES;
				ENABLE_TESTABILITY = YES;
				GCC_C_LANGUAGE_STANDARD = gnu11;
				GCC_DYNAMIC_NO_PIC = NO;
				GCC_NO_COMMON_BLOCKS = YES;
				GCC_OPTIMIZATION_LEVEL = 0;
				GCC_PREPROCESSOR_DEFINITIONS = (
					"DEBUG=1",
					"$(inherited)",
				);
				GCC_WARN_64_TO_32_BIT_CONVERSION = YES;
				GCC_WARN_ABOUT_RETURN_TYPE = YES_ERROR;
				GCC_WARN_UNDECLARED_SELECTOR = YES;
				GCC_WARN_UNINITIALIZED_AUTOS = YES_AGGRESSIVE;
				GCC_WARN_UNUSED_FUNCTION = YES;
				GCC_WARN_UNUSED_VARIABLE = YES;
				IPHONEOS_DEPLOYMENT_TARGET = 16.4;
				MTL_ENABLE_DEBUG_INFO = INCLUDE_SOURCE;
				MTL_FAST_MATH = YES;
				ONLY_ACTIVE_ARCH = YES;
				SDKROOT = iphoneos;
				SWIFT_ACTIVE_COMPILATION_CONDITIONS = DEBUG;
				SWIFT_OPTIMIZATION_LEVEL = "-Onone";
			};
			name = Debug;
		};
		889946092A0F583200D285D4 /* Release */ = {
			isa = XCBuildConfiguration;
			buildSettings = {
				ALWAYS_SEARCH_USER_PATHS = NO;
				CLANG_ANALYZER_NONNULL = YES;
				CLANG_ANALYZER_NUMBER_OBJECT_CONVERSION = YES_AGGRESSIVE;
				CLANG_CXX_LANGUAGE_STANDARD = "gnu++20";
				CLANG_ENABLE_MODULES = YES;
				CLANG_ENABLE_OBJC_ARC = YES;
				CLANG_ENABLE_OBJC_WEAK = YES;
				CLANG_WARN_BLOCK_CAPTURE_AUTORELEASING = YES;
				CLANG_WARN_BOOL_CONVERSION = YES;
				CLANG_WARN_COMMA = YES;
				CLANG_WARN_CONSTANT_CONVERSION = YES;
				CLANG_WARN_DEPRECATED_OBJC_IMPLEMENTATIONS = YES;
				CLANG_WARN_DIRECT_OBJC_ISA_USAGE = YES_ERROR;
				CLANG_WARN_DOCUMENTATION_COMMENTS = YES;
				CLANG_WARN_EMPTY_BODY = YES;
				CLANG_WARN_ENUM_CONVERSION = YES;
				CLANG_WARN_INFINITE_RECURSION = YES;
				CLANG_WARN_INT_CONVERSION = YES;
				CLANG_WARN_NON_LITERAL_NULL_CONVERSION = YES;
				CLANG_WARN_OBJC_IMPLICIT_RETAIN_SELF = YES;
				CLANG_WARN_OBJC_LITERAL_CONVERSION = YES;
				CLANG_WARN_OBJC_ROOT_CLASS = YES_ERROR;
				CLANG_WARN_QUOTED_INCLUDE_IN_FRAMEWORK_HEADER = YES;
				CLANG_WARN_RANGE_LOOP_ANALYSIS = YES;
				CLANG_WARN_STRICT_PROTOTYPES = YES;
				CLANG_WARN_SUSPICIOUS_MOVE = YES;
				CLANG_WARN_UNGUARDED_AVAILABILITY = YES_AGGRESSIVE;
				CLANG_WARN_UNREACHABLE_CODE = YES;
				CLANG_WARN__DUPLICATE_METHOD_MATCH = YES;
				COPY_PHASE_STRIP = NO;
				DEBUG_INFORMATION_FORMAT = "dwarf-with-dsym";
				ENABLE_NS_ASSERTIONS = NO;
				ENABLE_STRICT_OBJC_MSGSEND = YES;
				GCC_C_LANGUAGE_STANDARD = gnu11;
				GCC_NO_COMMON_BLOCKS = YES;
				GCC_WARN_64_TO_32_BIT_CONVERSION = YES;
				GCC_WARN_ABOUT_RETURN_TYPE = YES_ERROR;
				GCC_WARN_UNDECLARED_SELECTOR = YES;
				GCC_WARN_UNINITIALIZED_AUTOS = YES_AGGRESSIVE;
				GCC_WARN_UNUSED_FUNCTION = YES;
				GCC_WARN_UNUSED_VARIABLE = YES;
				IPHONEOS_DEPLOYMENT_TARGET = 16.4;
				MTL_ENABLE_DEBUG_INFO = NO;
				MTL_FAST_MATH = YES;
				SDKROOT = iphoneos;
				SWIFT_COMPILATION_MODE = wholemodule;
				SWIFT_OPTIMIZATION_LEVEL = "-O";
				VALIDATE_PRODUCT = YES;
			};
			name = Release;
		};
		8899460B2A0F583200D285D4 /* Debug */ = {
			isa = XCBuildConfiguration;
			buildSettings = {
				ASSETCATALOG_COMPILER_APPICON_NAME = AppIcon;
				ASSETCATALOG_COMPILER_GLOBAL_ACCENT_COLOR_NAME = AccentColor;
				CODE_SIGN_STYLE = Automatic;
				CURRENT_PROJECT_VERSION = 1;
				DEVELOPMENT_ASSET_PATHS = "\"SentimentAnalysis/Preview Content\"";
				DEVELOPMENT_TEAM = 43222PSGBA;
				ENABLE_PREVIEWS = YES;
				GENERATE_INFOPLIST_FILE = YES;
				INFOPLIST_KEY_UIApplicationSceneManifest_Generation = YES;
				INFOPLIST_KEY_UIApplicationSupportsIndirectInputEvents = YES;
				INFOPLIST_KEY_UILaunchScreen_Generation = YES;
				INFOPLIST_KEY_UISupportedInterfaceOrientations_iPad = "UIInterfaceOrientationPortrait UIInterfaceOrientationPortraitUpsideDown UIInterfaceOrientationLandscapeLeft UIInterfaceOrientationLandscapeRight";
				INFOPLIST_KEY_UISupportedInterfaceOrientations_iPhone = "UIInterfaceOrientationPortrait UIInterfaceOrientationLandscapeLeft UIInterfaceOrientationLandscapeRight";
				LD_RUNPATH_SEARCH_PATHS = (
					"$(inherited)",
					"@executable_path/Frameworks",
				);
				MARKETING_VERSION = 1.0;
				PRODUCT_BUNDLE_IDENTIFIER = Dez.SentimentAnalysis;
				PRODUCT_NAME = "$(TARGET_NAME)";
				SWIFT_EMIT_LOC_STRINGS = YES;
				SWIFT_VERSION = 5.0;
				TARGETED_DEVICE_FAMILY = "1,2";
			};
			name = Debug;
		};
		8899460C2A0F583200D285D4 /* Release */ = {
			isa = XCBuildConfiguration;
			buildSettings = {
				ASSETCATALOG_COMPILER_APPICON_NAME = AppIcon;
				ASSETCATALOG_COMPILER_GLOBAL_ACCENT_COLOR_NAME = AccentColor;
				CODE_SIGN_STYLE = Automatic;
				CURRENT_PROJECT_VERSION = 1;
				DEVELOPMENT_ASSET_PATHS = "\"SentimentAnalysis/Preview Content\"";
				DEVELOPMENT_TEAM = 43222PSGBA;
				ENABLE_PREVIEWS = YES;
				GENERATE_INFOPLIST_FILE = YES;
				INFOPLIST_KEY_UIApplicationSceneManifest_Generation = YES;
				INFOPLIST_KEY_UIApplicationSupportsIndirectInputEvents = YES;
				INFOPLIST_KEY_UILaunchScreen_Generation = YES;
				INFOPLIST_KEY_UISupportedInterfaceOrientations_iPad = "UIInterfaceOrientationPortrait UIInterfaceOrientationPortraitUpsideDown UIInterfaceOrientationLandscapeLeft UIInterfaceOrientationLandscapeRight";
				INFOPLIST_KEY_UISupportedInterfaceOrientations_iPhone = "UIInterfaceOrientationPortrait UIInterfaceOrientationLandscapeLeft UIInterfaceOrientationLandscapeRight";
				LD_RUNPATH_SEARCH_PATHS = (
					"$(inherited)",
					"@executable_path/Frameworks",
				);
				MARKETING_VERSION = 1.0;
				PRODUCT_BUNDLE_IDENTIFIER = Dez.SentimentAnalysis;
				PRODUCT_NAME = "$(TARGET_NAME)";
				SWIFT_EMIT_LOC_STRINGS = YES;
				SWIFT_VERSION = 5.0;
				TARGETED_DEVICE_FAMILY = "1,2";
			};
			name = Release;
		};
/* End XCBuildConfiguration section */

/* Begin XCConfigurationList section */
		889945F72A0F583100D285D4 /* Build configuration list for PBXProject "SentimentAnalysis" */ = {
			isa = XCConfigurationList;
			buildConfigurations = (
				889946082A0F583200D285D4 /* Debug */,
				889946092A0F583200D285D4 /* Release */,
			);
			defaultConfigurationIsVisible = 0;
			defaultConfigurationName = Release;
		};
		8899460A2A0F583200D285D4 /* Build configuration list for PBXNativeTarget "SentimentAnalysis" */ = {
			isa = XCConfigurationList;
			buildConfigurations = (
				8899460B2A0F583200D285D4 /* Debug */,
				8899460C2A0F583200D285D4 /* Release */,
			);
			defaultConfigurationIsVisible = 0;
			defaultConfigurationName = Release;
		};
/* End XCConfigurationList section */
	};
	rootObject = 889945F42A0F583100D285D4 /* Project object */;
}
